
Microsoft Visual Studio Solution File, Format Version 12.00
# Visual Studio 15
VisualStudioVersion = 15.0.28307.489
MinimumVisualStudioVersion = 10.0.40219.1
Project("{FAE04EC0-301F-11D3-BF4B-00C04F79EFBC}") = "OrderManage", "OrderManage\OrderManage.csproj", "{EE136084-57FA-41DC-A36A-FFF2B371D50B}"
EndProject
Global
	GlobalSection(SolutionConfigurationPlatforms) = preSolution
		Debug|Any CPU = Debug|Any CPU
		Release|Any CPU = Release|Any CPU
	EndGlobalSection
	GlobalSection(ProjectConfigurationPlatforms) = postSolution
		{EE136084-57FA-41DC-A36A-FFF2B371D50B}.Debug|Any CPU.ActiveCfg = Debug|Any CPU
		{EE136084-57FA-41DC-A36A-FFF2B371D50B}.Debug|Any CPU.Build.0 = Debug|Any CPU
		{EE136084-57FA-41DC-A36A-FFF2B371D50B}.Release|Any CPU.ActiveCfg = Release|Any CPU
		{EE136084-57FA-41DC-A36A-FFF2B371D50B}.Release|Any CPU.Build.0 = Release|Any CPU
	EndGlobalSection
	GlobalSection(SolutionProperties) = preSolution
		HideSolutionNode = FALSE
	EndGlobalSection
	GlobalSection(ExtensibilityGlobals) = postSolution
		SolutionGuid = {52D705B9-FA7E-400C-AA55-A44703E2A119}
	EndGlobalSection
EndGlobal
