
Microsoft Visual Studio Solution File, Format Version 12.00
# Visual Studio 15
VisualStudioVersion = 15.0.28307.489
MinimumVisualStudioVersion = 10.0.40219.1
Project("{FAE04EC0-301F-11D3-BF4B-00C04F79EFBC}") = "OrderManage", "OrderManage\OrderManage.csproj", "{778A4F91-E779-41FE-8434-2D9216F88288}"
EndProject
Project("{FAE04EC0-301F-11D3-BF4B-00C04F79EFBC}") = "OrderManageTests", "OrderManageTests\OrderManageTests.csproj", "{A6D800E8-1DF2-41DB-9CF8-0E314CCA9A04}"
EndProject
Project("{FAE04EC0-301F-11D3-BF4B-00C04F79EFBC}") = "CayleyTree", "CayleyTree\CayleyTree.csproj", "{2E049D36-7CCC-4805-843B-8D232F95D1EA}"
EndProject
Global
	GlobalSection(SolutionConfigurationPlatforms) = preSolution
		Debug|Any CPU = Debug|Any CPU
		Release|Any CPU = Release|Any CPU
	EndGlobalSection
	GlobalSection(ProjectConfigurationPlatforms) = postSolution
		{778A4F91-E779-41FE-8434-2D9216F88288}.Debug|Any CPU.ActiveCfg = Debug|Any CPU
		{778A4F91-E779-41FE-8434-2D9216F88288}.Debug|Any CPU.Build.0 = Debug|Any CPU
		{778A4F91-E779-41FE-8434-2D9216F88288}.Release|Any CPU.ActiveCfg = Release|Any CPU
		{778A4F91-E779-41FE-8434-2D9216F88288}.Release|Any CPU.Build.0 = Release|Any CPU
		{A6D800E8-1DF2-41DB-9CF8-0E314CCA9A04}.Debug|Any CPU.ActiveCfg = Debug|Any CPU
		{A6D800E8-1DF2-41DB-9CF8-0E314CCA9A04}.Debug|Any CPU.Build.0 = Debug|Any CPU
		{A6D800E8-1DF2-41DB-9CF8-0E314CCA9A04}.Release|Any CPU.ActiveCfg = Release|Any CPU
		{A6D800E8-1DF2-41DB-9CF8-0E314CCA9A04}.Release|Any CPU.Build.0 = Release|Any CPU
		{2E049D36-7CCC-4805-843B-8D232F95D1EA}.Debug|Any CPU.ActiveCfg = Debug|Any CPU
		{2E049D36-7CCC-4805-843B-8D232F95D1EA}.Debug|Any CPU.Build.0 = Debug|Any CPU
		{2E049D36-7CCC-4805-843B-8D232F95D1EA}.Release|Any CPU.ActiveCfg = Release|Any CPU
		{2E049D36-7CCC-4805-843B-8D232F95D1EA}.Release|Any CPU.Build.0 = Release|Any CPU
	EndGlobalSection
	GlobalSection(SolutionProperties) = preSolution
		HideSolutionNode = FALSE
	EndGlobalSection
	GlobalSection(ExtensibilityGlobals) = postSolution
		SolutionGuid = {FA9B07DB-06E1-427E-9709-242A30AF7039}
	EndGlobalSection
EndGlobal
