
Microsoft Visual Studio Solution File, Format Version 12.00
# Visual Studio 15
VisualStudioVersion = 15.0.28307.421
MinimumVisualStudioVersion = 10.0.40219.1
Project("{FAE04EC0-301F-11D3-BF4B-00C04F79EFBC}") = "AlarmClock", "AlarmClock\AlarmClock.csproj", "{953701AA-5338-449C-B552-10B5D2673C29}"
EndProject
Project("{FAE04EC0-301F-11D3-BF4B-00C04F79EFBC}") = "OrderManage", "OrderManage\OrderManage.csproj", "{8F9E00B6-AEAE-4723-A57F-BD3697E67C4A}"
EndProject
Global
	GlobalSection(SolutionConfigurationPlatforms) = preSolution
		Debug|Any CPU = Debug|Any CPU
		Release|Any CPU = Release|Any CPU
	EndGlobalSection
	GlobalSection(ProjectConfigurationPlatforms) = postSolution
		{953701AA-5338-449C-B552-10B5D2673C29}.Debug|Any CPU.ActiveCfg = Debug|Any CPU
		{953701AA-5338-449C-B552-10B5D2673C29}.Debug|Any CPU.Build.0 = Debug|Any CPU
		{953701AA-5338-449C-B552-10B5D2673C29}.Release|Any CPU.ActiveCfg = Release|Any CPU
		{953701AA-5338-449C-B552-10B5D2673C29}.Release|Any CPU.Build.0 = Release|Any CPU
		{8F9E00B6-AEAE-4723-A57F-BD3697E67C4A}.Debug|Any CPU.ActiveCfg = Debug|Any CPU
		{8F9E00B6-AEAE-4723-A57F-BD3697E67C4A}.Debug|Any CPU.Build.0 = Debug|Any CPU
		{8F9E00B6-AEAE-4723-A57F-BD3697E67C4A}.Release|Any CPU.ActiveCfg = Release|Any CPU
		{8F9E00B6-AEAE-4723-A57F-BD3697E67C4A}.Release|Any CPU.Build.0 = Release|Any CPU
	EndGlobalSection
	GlobalSection(SolutionProperties) = preSolution
		HideSolutionNode = FALSE
	EndGlobalSection
	GlobalSection(ExtensibilityGlobals) = postSolution
		SolutionGuid = {7F1519F5-9E76-4671-A265-356789E8955A}
	EndGlobalSection
EndGlobal
