
Microsoft Visual Studio Solution File, Format Version 12.00
# Visual Studio 15
VisualStudioVersion = 15.0.28307.489
MinimumVisualStudioVersion = 10.0.40219.1
Project("{FAE04EC0-301F-11D3-BF4B-00C04F79EFBC}") = "OrderManage", "OrderManage\OrderManage.csproj", "{99409A06-F1DE-44C7-A57F-13EC116C83EE}"
EndProject
Project("{FAE04EC0-301F-11D3-BF4B-00C04F79EFBC}") = "OrderGui", "OrderGui\OrderGui.csproj", "{EE5F5772-2D76-4F7A-840C-F0F9143EF70C}"
	ProjectSection(ProjectDependencies) = postProject
		{99409A06-F1DE-44C7-A57F-13EC116C83EE} = {99409A06-F1DE-44C7-A57F-13EC116C83EE}
	EndProjectSection
EndProject
Global
	GlobalSection(SolutionConfigurationPlatforms) = preSolution
		Debug|Any CPU = Debug|Any CPU
		Release|Any CPU = Release|Any CPU
	EndGlobalSection
	GlobalSection(ProjectConfigurationPlatforms) = postSolution
		{99409A06-F1DE-44C7-A57F-13EC116C83EE}.Debug|Any CPU.ActiveCfg = Debug|Any CPU
		{99409A06-F1DE-44C7-A57F-13EC116C83EE}.Debug|Any CPU.Build.0 = Debug|Any CPU
		{99409A06-F1DE-44C7-A57F-13EC116C83EE}.Release|Any CPU.ActiveCfg = Release|Any CPU
		{99409A06-F1DE-44C7-A57F-13EC116C83EE}.Release|Any CPU.Build.0 = Release|Any CPU
		{EE5F5772-2D76-4F7A-840C-F0F9143EF70C}.Debug|Any CPU.ActiveCfg = Debug|Any CPU
		{EE5F5772-2D76-4F7A-840C-F0F9143EF70C}.Debug|Any CPU.Build.0 = Debug|Any CPU
		{EE5F5772-2D76-4F7A-840C-F0F9143EF70C}.Release|Any CPU.ActiveCfg = Release|Any CPU
		{EE5F5772-2D76-4F7A-840C-F0F9143EF70C}.Release|Any CPU.Build.0 = Release|Any CPU
	EndGlobalSection
	GlobalSection(SolutionProperties) = preSolution
		HideSolutionNode = FALSE
	EndGlobalSection
	GlobalSection(ExtensibilityGlobals) = postSolution
		SolutionGuid = {44DA603B-617A-4DBD-BC89-21A225AE735B}
	EndGlobalSection
EndGlobal
